
Microsoft Visual Studio Solution File, Format Version 12.00
# Visual Studio Version 16
VisualStudioVersion = 16.0.30413.136
MinimumVisualStudioVersion = 10.0.40219.1
Project("{FAE04EC0-301F-11D3-BF4B-00C04F79EFBC}") = "ParksPlanner", "ParksPlanner\ParksPlanner.csproj", "{1FB1EC24-6AA8-4C10-9272-43C7337A9E44}"
EndProject
Global
	GlobalSection(SolutionConfigurationPlatforms) = preSolution
		Debug|Any CPU = Debug|Any CPU
		Release|Any CPU = Release|Any CPU
	EndGlobalSection
	GlobalSection(ProjectConfigurationPlatforms) = postSolution
		{1FB1EC24-6AA8-4C10-9272-43C7337A9E44}.Debug|Any CPU.ActiveCfg = Debug|Any CPU
		{1FB1EC24-6AA8-4C10-9272-43C7337A9E44}.Debug|Any CPU.Build.0 = Debug|Any CPU
		{1FB1EC24-6AA8-4C10-9272-43C7337A9E44}.Release|Any CPU.ActiveCfg = Release|Any CPU
		{1FB1EC24-6AA8-4C10-9272-43C7337A9E44}.Release|Any CPU.Build.0 = Release|Any CPU
	EndGlobalSection
	GlobalSection(SolutionProperties) = preSolution
		HideSolutionNode = FALSE
	EndGlobalSection
	GlobalSection(ExtensibilityGlobals) = postSolution
		SolutionGuid = {3F5A0D2C-6062-4BA3-B84D-5D6210BCC489}
	EndGlobalSection
EndGlobal
